
Microsoft Visual Studio Solution File, Format Version 12.00
# Visual Studio 15
VisualStudioVersion = 15.0.27703.2035
MinimumVisualStudioVersion = 10.0.40219.1
Project("{FAE04EC0-301F-11D3-BF4B-00C04F79EFBC}") = "SumInts", "SumInts\SumInts.csproj", "{91E63FEA-62C9-4255-81A9-650E62BFE338}"
EndProject
Global
	GlobalSection(SolutionConfigurationPlatforms) = preSolution
		Debug|Any CPU = Debug|Any CPU
		Release|Any CPU = Release|Any CPU
	EndGlobalSection
	GlobalSection(ProjectConfigurationPlatforms) = postSolution
		{91E63FEA-62C9-4255-81A9-650E62BFE338}.Debug|Any CPU.ActiveCfg = Debug|Any CPU
		{91E63FEA-62C9-4255-81A9-650E62BFE338}.Debug|Any CPU.Build.0 = Debug|Any CPU
		{91E63FEA-62C9-4255-81A9-650E62BFE338}.Release|Any CPU.ActiveCfg = Release|Any CPU
		{91E63FEA-62C9-4255-81A9-650E62BFE338}.Release|Any CPU.Build.0 = Release|Any CPU
	EndGlobalSection
	GlobalSection(SolutionProperties) = preSolution
		HideSolutionNode = FALSE
	EndGlobalSection
	GlobalSection(ExtensibilityGlobals) = postSolution
		SolutionGuid = {B5435866-9CE0-437E-B529-DC9E2BF2C5B0}
	EndGlobalSection
EndGlobal
